{
  "name": "super-mario-clone",
  "lockfileVersion": 2,
  "requires": true,
  "packages": {
    "": {
      "dependencies": {
        "kaboom": "^2000.2.10"
      }
    },
    "node_modules/kaboom": {
      "version": "2000.2.10",
      "resolved": "https://registry.npmjs.org/kaboom/-/kaboom-2000.2.10.tgz",
      "integrity": "sha512-OHWdRuRMNkTkpO0/1R4ljS4+vpPtf6PvN+S0WTe+PkPB6Z61rmunw4SKTQDkrCt7dDzEIZTnK1G6s7rttd61Bw=="
    }
  },
  "dependencies": {
    "kaboom": {
      "version": "2000.2.10",
      "resolved": "https://registry.npmjs.org/kaboom/-/kaboom-2000.2.10.tgz",
      "integrity": "sha512-OHWdRuRMNkTkpO0/1R4ljS4+vpPtf6PvN+S0WTe+PkPB6Z61rmunw4SKTQDkrCt7dDzEIZTnK1G6s7rttd61Bw=="
    }
  }
}
